{
  "version": 4,
  "terraform_version": "1.8.2",
  "serial": 3,
  "lineage": "1d57cac4-8482-f4ed-6922-32c01f42047e",
  "outputs": {
    "output_file": {
      "value": "hello_world.py",
      "type": "string"
    }
  },
  "resources": [
    {
      "mode": "managed",
      "type": "local_file",
      "name": "hello_world_script",
      "provider": "provider[\"registry.terraform.io/hashicorp/local\"]",
      "instances": [
        {
          "schema_version": 0,
          "attributes": {
            "content": "def greet():\n    print(\"Hello world\")\n\nif __name__ == \"__main__\":\n    greet()\n",
            "content_base64": null,
            "content_base64sha256": "SO4LuwHJxDVtsGN6HES0kXlKlUAD7UNxwNls+bzXJ0g=",
            "content_base64sha512": "svc2PZsU3EIPBdUF8KKXNlixOm0RZp2vUuaNobjvTSSWAurJVyPhkqKATUlpQcmhr4h2QiVT7caS02n+LmSlmQ==",
            "content_md5": "5cb93a7d492b6ba4ffbee8ad22fe83e7",
            "content_sha1": "0e91df60e49800a53c93257b03c88b5fc72e3433",
            "content_sha256": "48ee0bbb01c9c4356db0637a1c44b491794a954003ed4371c0d96cf9bcd72748",
            "content_sha512": "b2f7363d9b14dc420f05d505f0a2973658b13a6d11669daf52e68da1b8ef4d249602eac95723e192a2804d496941c9a1af8876422553edc692d369fe2e64a599",
            "directory_permission": "0777",
            "file_permission": "0777",
            "filename": "hello_world.py",
            "id": "0e91df60e49800a53c93257b03c88b5fc72e3433",
            "sensitive_content": null,
            "source": null
          },
          "sensitive_attributes": [
            [
              {
                "type": "get_attr",
                "value": "sensitive_content"
              }
            ]
          ]
        }
      ]
    }
  ],
  "check_results": null
}
